# THIS IS AN AUTOGENERATED FILE. DO NOT EDIT THIS FILE DIRECTLY.
# yarn lockfile v1


dagre@^0.8.4:
  version "0.8.4"
  resolved "https://registry.yarnpkg.com/dagre/-/dagre-0.8.4.tgz#26b9fb8f7bdc60c6110a0458c375261836786061"
  integrity sha512-Dj0csFDrWYKdavwROb9FccHfTC4fJbyF/oJdL9LNZJ8WUvl968P6PAKEriGqfbdArVJEmmfA+UyumgWEwcHU6A==
  dependencies:
    graphlib "^2.1.7"
    lodash "^4.17.4"

graphlib@^2.1.7:
  version "2.1.7"
  resolved "https://registry.yarnpkg.com/graphlib/-/graphlib-2.1.7.tgz#b6a69f9f44bd9de3963ce6804a2fc9e73d86aecc"
  integrity sha512-TyI9jIy2J4j0qgPmOOrHTCtpPqJGN/aurBwc6ZT+bRii+di1I+Wv3obRhVrmBEXet+qkMaEX67dXrwsd3QQM6w==
  dependencies:
    lodash "^4.17.5"

lodash@^4.17.4, lodash@^4.17.5:
  version "4.17.15"
  resolved "https://registry.yarnpkg.com/lodash/-/lodash-4.17.15.tgz#b447f6670a0455bbfeedd11392eff330ea097548"
  integrity sha512-8xOcRHvCjnocdS5cpwXQXVzmmh5e5+saE2QGoeQmbKmRS6J3VQppPOIt0MnmE+4xlZoumy0GPG0D0MVIQbNA1A==
